// !$*UTF8*$!
{
	archiveVersion = 1;
	classes = {
	};
	objectVersion = 55;
	objects = {

/* Begin PBXBuildFile section */
		FB51AA6728C7228F00C95D7C /* SampleForBitriseApp.swift in Sources */ = {isa = PBXBuildFile; fileRef = FB51AA6628C7228F00C95D7C /* SampleForBitriseApp.swift */; };
		FB51AA6928C7228F00C95D7C /* ContentView.swift in Sources */ = {isa = PBXBuildFile; fileRef = FB51AA6828C7228F00C95D7C /* ContentView.swift */; };
		FB51AA6B28C7229000C95D7C /* Assets.xcassets in Resources */ = {isa = PBXBuildFile; fileRef = FB51AA6A28C7229000C95D7C /* Assets.xcassets */; };
		FB51AA6E28C7229000C95D7C /* Preview Assets.xcassets in Resources */ = {isa = PBXBuildFile; fileRef = FB51AA6D28C7229000C95D7C /* Preview Assets.xcassets */; };
		FB51AA7828C7229000C95D7C /* SampleForBitriseTests.swift in Sources */ = {isa = PBXBuildFile; fileRef = FB51AA7728C7229000C95D7C /* SampleForBitriseTests.swift */; };
		FB51AA8228C7229000C95D7C /* SampleForBitriseUITests.swift in Sources */ = {isa = PBXBuildFile; fileRef = FB51AA8128C7229000C95D7C /* SampleForBitriseUITests.swift */; };
		FB51AA8428C7229000C95D7C /* SampleForBitriseUITestsLaunchTests.swift in Sources */ = {isa = PBXBuildFile; fileRef = FB51AA8328C7229000C95D7C /* SampleForBitriseUITestsLaunchTests.swift */; };
/* End PBXBuildFile section */

/* Begin PBXContainerItemProxy section */
		FB51AA7428C7229000C95D7C /* PBXContainerItemProxy */ = {
			isa = PBXContainerItemProxy;
			containerPortal = FB51AA5B28C7228F00C95D7C /* Project object */;
			proxyType = 1;
			remoteGlobalIDString = FB51AA6228C7228F00C95D7C;
			remoteInfo = SampleForBitrise;
		};
		FB51AA7E28C7229000C95D7C /* PBXContainerItemProxy */ = {
			isa = PBXContainerItemProxy;
			containerPortal = FB51AA5B28C7228F00C95D7C /* Project object */;
			proxyType = 1;
			remoteGlobalIDString = FB51AA6228C7228F00C95D7C;
			remoteInfo = SampleForBitrise;
		};
/* End PBXContainerItemProxy section */

/* Begin PBXFileReference section */
		FB51AA6328C7228F00C95D7C /* SampleForBitrise.app */ = {isa = PBXFileReference; explicitFileType = wrapper.application; includeInIndex = 0; path = SampleForBitrise.app; sourceTree = BUILT_PRODUCTS_DIR; };
		FB51AA6628C7228F00C95D7C /* SampleForBitriseApp.swift */ = {isa = PBXFileReference; lastKnownFileType = sourcecode.swift; path = SampleForBitriseApp.swift; sourceTree = "<group>"; };
		FB51AA6828C7228F00C95D7C /* ContentView.swift */ = {isa = PBXFileReference; lastKnownFileType = sourcecode.swift; path = ContentView.swift; sourceTree = "<group>"; };
		FB51AA6A28C7229000C95D7C /* Assets.xcassets */ = {isa = PBXFileReference; lastKnownFileType = folder.assetcatalog; path = Assets.xcassets; sourceTree = "<group>"; };
		FB51AA6D28C7229000C95D7C /* Preview Assets.xcassets */ = {isa = PBXFileReference; lastKnownFileType = folder.assetcatalog; path = "Preview Assets.xcassets"; sourceTree = "<group>"; };
		FB51AA7328C7229000C95D7C /* SampleForBitriseTests.xctest */ = {isa = PBXFileReference; explicitFileType = wrapper.cfbundle; includeInIndex = 0; path = SampleForBitriseTests.xctest; sourceTree = BUILT_PRODUCTS_DIR; };
		FB51AA7728C7229000C95D7C /* SampleForBitriseTests.swift */ = {isa = PBXFileReference; lastKnownFileType = sourcecode.swift; path = SampleForBitriseTests.swift; sourceTree = "<group>"; };
		FB51AA7D28C7229000C95D7C /* SampleForBitriseUITests.xctest */ = {isa = PBXFileReference; explicitFileType = wrapper.cfbundle; includeInIndex = 0; path = SampleForBitriseUITests.xctest; sourceTree = BUILT_PRODUCTS_DIR; };
		FB51AA8128C7229000C95D7C /* SampleForBitriseUITests.swift */ = {isa = PBXFileReference; lastKnownFileType = sourcecode.swift; path = SampleForBitriseUITests.swift; sourceTree = "<group>"; };
		FB51AA8328C7229000C95D7C /* SampleForBitriseUITestsLaunchTests.swift */ = {isa = PBXFileReference; lastKnownFileType = sourcecode.swift; path = SampleForBitriseUITestsLaunchTests.swift; sourceTree = "<group>"; };
/* End PBXFileReference section */

/* Begin PBXFrameworksBuildPhase section */
		FB51AA6028C7228F00C95D7C /* Frameworks */ = {
			isa = PBXFrameworksBuildPhase;
			buildActionMask = 2147483647;
			files = (
			);
			runOnlyForDeploymentPostprocessing = 0;
		};
		FB51AA7028C7229000C95D7C /* Frameworks */ = {
			isa = PBXFrameworksBuildPhase;
			buildActionMask = 2147483647;
			files = (
			);
			runOnlyForDeploymentPostprocessing = 0;
		};
		FB51AA7A28C7229000C95D7C /* Frameworks */ = {
			isa = PBXFrameworksBuildPhase;
			buildActionMask = 2147483647;
			files = (
			);
			runOnlyForDeploymentPostprocessing = 0;
		};
/* End PBXFrameworksBuildPhase section */

/* Begin PBXGroup section */
		FB51AA5A28C7228F00C95D7C = {
			isa = PBXGroup;
			children = (
				FB51AA6528C7228F00C95D7C /* SampleForBitrise */,
				FB51AA7628C7229000C95D7C /* SampleForBitriseTests */,
				FB51AA8028C7229000C95D7C /* SampleForBitriseUITests */,
				FB51AA6428C7228F00C95D7C /* Products */,
			);
			sourceTree = "<group>";
		};
		FB51AA6428C7228F00C95D7C /* Products */ = {
			isa = PBXGroup;
			children = (
				FB51AA6328C7228F00C95D7C /* SampleForBitrise.app */,
				FB51AA7328C7229000C95D7C /* SampleForBitriseTests.xctest */,
				FB51AA7D28C7229000C95D7C /* SampleForBitriseUITests.xctest */,
			);
			name = Products;
			sourceTree = "<group>";
		};
		FB51AA6528C7228F00C95D7C /* SampleForBitrise */ = {
			isa = PBXGroup;
			children = (
				FB51AA6628C7228F00C95D7C /* SampleForBitriseApp.swift */,
				FB51AA6828C7228F00C95D7C /* ContentView.swift */,
				FB51AA6A28C7229000C95D7C /* Assets.xcassets */,
				FB51AA6C28C7229000C95D7C /* Preview Content */,
			);
			path = SampleForBitrise;
			sourceTree = "<group>";
		};
		FB51AA6C28C7229000C95D7C /* Preview Content */ = {
			isa = PBXGroup;
			children = (
				FB51AA6D28C7229000C95D7C /* Preview Assets.xcassets */,
			);
			path = "Preview Content";
			sourceTree = "<group>";
		};
		FB51AA7628C7229000C95D7C /* SampleForBitriseTests */ = {
			isa = PBXGroup;
			children = (
				FB51AA7728C7229000C95D7C /* SampleForBitriseTests.swift */,
			);
			path = SampleForBitriseTests;
			sourceTree = "<group>";
		};
		FB51AA8028C7229000C95D7C /* SampleForBitriseUITests */ = {
			isa = PBXGroup;
			children = (
				FB51AA8128C7229000C95D7C /* SampleForBitriseUITests.swift */,
				FB51AA8328C7229000C95D7C /* SampleForBitriseUITestsLaunchTests.swift */,
			);
			path = SampleForBitriseUITests;
			sourceTree = "<group>";
		};
/* End PBXGroup section */

/* Begin PBXNativeTarget section */
		FB51AA6228C7228F00C95D7C /* SampleForBitrise */ = {
			isa = PBXNativeTarget;
			buildConfigurationList = FB51AA8728C7229000C95D7C /* Build configuration list for PBXNativeTarget "SampleForBitrise" */;
			buildPhases = (
				FB51AA5F28C7228F00C95D7C /* Sources */,
				FB51AA6028C7228F00C95D7C /* Frameworks */,
				FB51AA6128C7228F00C95D7C /* Resources */,
			);
			buildRules = (
			);
			dependencies = (
			);
			name = SampleForBitrise;
			productName = SampleForBitrise;
			productReference = FB51AA6328C7228F00C95D7C /* SampleForBitrise.app */;
			productType = "com.apple.product-type.application";
		};
		FB51AA7228C7229000C95D7C /* SampleForBitriseTests */ = {
			isa = PBXNativeTarget;
			buildConfigurationList = FB51AA8A28C7229000C95D7C /* Build configuration list for PBXNativeTarget "SampleForBitriseTests" */;
			buildPhases = (
				FB51AA6F28C7229000C95D7C /* Sources */,
				FB51AA7028C7229000C95D7C /* Frameworks */,
				FB51AA7128C7229000C95D7C /* Resources */,
			);
			buildRules = (
			);
			dependencies = (
				FB51AA7528C7229000C95D7C /* PBXTargetDependency */,
			);
			name = SampleForBitriseTests;
			productName = SampleForBitriseTests;
			productReference = FB51AA7328C7229000C95D7C /* SampleForBitriseTests.xctest */;
			productType = "com.apple.product-type.bundle.unit-test";
		};
		FB51AA7C28C7229000C95D7C /* SampleForBitriseUITests */ = {
			isa = PBXNativeTarget;
			buildConfigurationList = FB51AA8D28C7229000C95D7C /* Build configuration list for PBXNativeTarget "SampleForBitriseUITests" */;
			buildPhases = (
				FB51AA7928C7229000C95D7C /* Sources */,
				FB51AA7A28C7229000C95D7C /* Frameworks */,
				FB51AA7B28C7229000C95D7C /* Resources */,
			);
			buildRules = (
			);
			dependencies = (
				FB51AA7F28C7229000C95D7C /* PBXTargetDependency */,
			);
			name = SampleForBitriseUITests;
			productName = SampleForBitriseUITests;
			productReference = FB51AA7D28C7229000C95D7C /* SampleForBitriseUITests.xctest */;
			productType = "com.apple.product-type.bundle.ui-testing";
		};
/* End PBXNativeTarget section */

/* Begin PBXProject section */
		FB51AA5B28C7228F00C95D7C /* Project object */ = {
			isa = PBXProject;
			attributes = {
				BuildIndependentTargetsInParallel = 1;
				LastSwiftUpdateCheck = 1340;
				LastUpgradeCheck = 1340;
				TargetAttributes = {
					FB51AA6228C7228F00C95D7C = {
						CreatedOnToolsVersion = 13.4.1;
					};
					FB51AA7228C7229000C95D7C = {
						CreatedOnToolsVersion = 13.4.1;
						TestTargetID = FB51AA6228C7228F00C95D7C;
					};
					FB51AA7C28C7229000C95D7C = {
						CreatedOnToolsVersion = 13.4.1;
						TestTargetID = FB51AA6228C7228F00C95D7C;
					};
				};
			};
			buildConfigurationList = FB51AA5E28C7228F00C95D7C /* Build configuration list for PBXProject "SampleForBitrise" */;
			compatibilityVersion = "Xcode 13.0";
			developmentRegion = en;
			hasScannedForEncodings = 0;
			knownRegions = (
				en,
				Base,
			);
			mainGroup = FB51AA5A28C7228F00C95D7C;
			productRefGroup = FB51AA6428C7228F00C95D7C /* Products */;
			projectDirPath = "";
			projectRoot = "";
			targets = (
				FB51AA6228C7228F00C95D7C /* SampleForBitrise */,
				FB51AA7228C7229000C95D7C /* SampleForBitriseTests */,
				FB51AA7C28C7229000C95D7C /* SampleForBitriseUITests */,
			);
		};
/* End PBXProject section */

/* Begin PBXResourcesBuildPhase section */
		FB51AA6128C7228F00C95D7C /* Resources */ = {
			isa = PBXResourcesBuildPhase;
			buildActionMask = 2147483647;
			files = (
				FB51AA6E28C7229000C95D7C /* Preview Assets.xcassets in Resources */,
				FB51AA6B28C7229000C95D7C /* Assets.xcassets in Resources */,
			);
			runOnlyForDeploymentPostprocessing = 0;
		};
		FB51AA7128C7229000C95D7C /* Resources */ = {
			isa = PBXResourcesBuildPhase;
			buildActionMask = 2147483647;
			files = (
			);
			runOnlyForDeploymentPostprocessing = 0;
		};
		FB51AA7B28C7229000C95D7C /* Resources */ = {
			isa = PBXResourcesBuildPhase;
			buildActionMask = 2147483647;
			files = (
			);
			runOnlyForDeploymentPostprocessing = 0;
		};
/* End PBXResourcesBuildPhase section */

/* Begin PBXSourcesBuildPhase section */
		FB51AA5F28C7228F00C95D7C /* Sources */ = {
			isa = PBXSourcesBuildPhase;
			buildActionMask = 2147483647;
			files = (
				FB51AA6928C7228F00C95D7C /* ContentView.swift in Sources */,
				FB51AA6728C7228F00C95D7C /* SampleForBitriseApp.swift in Sources */,
			);
			runOnlyForDeploymentPostprocessing = 0;
		};
		FB51AA6F28C7229000C95D7C /* Sources */ = {
			isa = PBXSourcesBuildPhase;
			buildActionMask = 2147483647;
			files = (
				FB51AA7828C7229000C95D7C /* SampleForBitriseTests.swift in Sources */,
			);
			runOnlyForDeploymentPostprocessing = 0;
		};
		FB51AA7928C7229000C95D7C /* Sources */ = {
			isa = PBXSourcesBuildPhase;
			buildActionMask = 2147483647;
			files = (
				FB51AA8228C7229000C95D7C /* SampleForBitriseUITests.swift in Sources */,
				FB51AA8428C7229000C95D7C /* SampleForBitriseUITestsLaunchTests.swift in Sources */,
			);
			runOnlyForDeploymentPostprocessing = 0;
		};
/* End PBXSourcesBuildPhase section */

/* Begin PBXTargetDependency section */
		FB51AA7528C7229000C95D7C /* PBXTargetDependency */ = {
			isa = PBXTargetDependency;
			target = FB51AA6228C7228F00C95D7C /* SampleForBitrise */;
			targetProxy = FB51AA7428C7229000C95D7C /* PBXContainerItemProxy */;
		};
		FB51AA7F28C7229000C95D7C /* PBXTargetDependency */ = {
			isa = PBXTargetDependency;
			target = FB51AA6228C7228F00C95D7C /* SampleForBitrise */;
			targetProxy = FB51AA7E28C7229000C95D7C /* PBXContainerItemProxy */;
		};
/* End PBXTargetDependency section */

/* Begin XCBuildConfiguration section */
		FB51AA8528C7229000C95D7C /* Debug */ = {
			isa = XCBuildConfiguration;
			buildSettings = {
				ALWAYS_SEARCH_USER_PATHS = NO;
				CLANG_ANALYZER_NONNULL = YES;
				CLANG_ANALYZER_NUMBER_OBJECT_CONVERSION = YES_AGGRESSIVE;
				CLANG_CXX_LANGUAGE_STANDARD = "gnu++17";
				CLANG_ENABLE_MODULES = YES;
				CLANG_ENABLE_OBJC_ARC = YES;
				CLANG_ENABLE_OBJC_WEAK = YES;
				CLANG_WARN_BLOCK_CAPTURE_AUTORELEASING = YES;
				CLANG_WARN_BOOL_CONVERSION = YES;
				CLANG_WARN_COMMA = YES;
				CLANG_WARN_CONSTANT_CONVERSION = YES;
				CLANG_WARN_DEPRECATED_OBJC_IMPLEMENTATIONS = YES;
				CLANG_WARN_DIRECT_OBJC_ISA_USAGE = YES_ERROR;
				CLANG_WARN_DOCUMENTATION_COMMENTS = YES;
				CLANG_WARN_EMPTY_BODY = YES;
				CLANG_WARN_ENUM_CONVERSION = YES;
				CLANG_WARN_INFINITE_RECURSION = YES;
				CLANG_WARN_INT_CONVERSION = YES;
				CLANG_WARN_NON_LITERAL_NULL_CONVERSION = YES;
				CLANG_WARN_OBJC_IMPLICIT_RETAIN_SELF = YES;
				CLANG_WARN_OBJC_LITERAL_CONVERSION = YES;
				CLANG_WARN_OBJC_ROOT_CLASS = YES_ERROR;
				CLANG_WARN_QUOTED_INCLUDE_IN_FRAMEWORK_HEADER = YES;
				CLANG_WARN_RANGE_LOOP_ANALYSIS = YES;
				CLANG_WARN_STRICT_PROTOTYPES = YES;
				CLANG_WARN_SUSPICIOUS_MOVE = YES;
				CLANG_WARN_UNGUARDED_AVAILABILITY = YES_AGGRESSIVE;
				CLANG_WARN_UNREACHABLE_CODE = YES;
				CLANG_WARN__DUPLICATE_METHOD_MATCH = YES;
				COPY_PHASE_STRIP = NO;
				DEBUG_INFORMATION_FORMAT = dwarf;
				ENABLE_STRICT_OBJC_MSGSEND = YES;
				ENABLE_TESTABILITY = YES;
				GCC_C_LANGUAGE_STANDARD = gnu11;
				GCC_DYNAMIC_NO_PIC = NO;
				GCC_NO_COMMON_BLOCKS = YES;
				GCC_OPTIMIZATION_LEVEL = 0;
				GCC_PREPROCESSOR_DEFINITIONS = (
					"DEBUG=1",
					"$(inherited)",
				);
				GCC_WARN_64_TO_32_BIT_CONVERSION = YES;
				GCC_WARN_ABOUT_RETURN_TYPE = YES_ERROR;
				GCC_WARN_UNDECLARED_SELECTOR = YES;
				GCC_WARN_UNINITIALIZED_AUTOS = YES_AGGRESSIVE;
				GCC_WARN_UNUSED_FUNCTION = YES;
				GCC_WARN_UNUSED_VARIABLE = YES;
				IPHONEOS_DEPLOYMENT_TARGET = 15.5;
				MTL_ENABLE_DEBUG_INFO = INCLUDE_SOURCE;
				MTL_FAST_MATH = YES;
				ONLY_ACTIVE_ARCH = YES;
				SDKROOT = iphoneos;
				SWIFT_ACTIVE_COMPILATION_CONDITIONS = DEBUG;
				SWIFT_OPTIMIZATION_LEVEL = "-Onone";
			};
			name = Debug;
		};
		FB51AA8628C7229000C95D7C /* Release */ = {
			isa = XCBuildConfiguration;
			buildSettings = {
				ALWAYS_SEARCH_USER_PATHS = NO;
				CLANG_ANALYZER_NONNULL = YES;
				CLANG_ANALYZER_NUMBER_OBJECT_CONVERSION = YES_AGGRESSIVE;
				CLANG_CXX_LANGUAGE_STANDARD = "gnu++17";
				CLANG_ENABLE_MODULES = YES;
				CLANG_ENABLE_OBJC_ARC = YES;
				CLANG_ENABLE_OBJC_WEAK = YES;
				CLANG_WARN_BLOCK_CAPTURE_AUTORELEASING = YES;
				CLANG_WARN_BOOL_CONVERSION = YES;
				CLANG_WARN_COMMA = YES;
				CLANG_WARN_CONSTANT_CONVERSION = YES;
				CLANG_WARN_DEPRECATED_OBJC_IMPLEMENTATIONS = YES;
				CLANG_WARN_DIRECT_OBJC_ISA_USAGE = YES_ERROR;
				CLANG_WARN_DOCUMENTATION_COMMENTS = YES;
				CLANG_WARN_EMPTY_BODY = YES;
				CLANG_WARN_ENUM_CONVERSION = YES;
				CLANG_WARN_INFINITE_RECURSION = YES;
				CLANG_WARN_INT_CONVERSION = YES;
				CLANG_WARN_NON_LITERAL_NULL_CONVERSION = YES;
				CLANG_WARN_OBJC_IMPLICIT_RETAIN_SELF = YES;
				CLANG_WARN_OBJC_LITERAL_CONVERSION = YES;
				CLANG_WARN_OBJC_ROOT_CLASS = YES_ERROR;
				CLANG_WARN_QUOTED_INCLUDE_IN_FRAMEWORK_HEADER = YES;
				CLANG_WARN_RANGE_LOOP_ANALYSIS = YES;
				CLANG_WARN_STRICT_PROTOTYPES = YES;
				CLANG_WARN_SUSPICIOUS_MOVE = YES;
				CLANG_WARN_UNGUARDED_AVAILABILITY = YES_AGGRESSIVE;
				CLANG_WARN_UNREACHABLE_CODE = YES;
				CLANG_WARN__DUPLICATE_METHOD_MATCH = YES;
				COPY_PHASE_STRIP = NO;
				DEBUG_INFORMATION_FORMAT = "dwarf-with-dsym";
				ENABLE_NS_ASSERTIONS = NO;
				ENABLE_STRICT_OBJC_MSGSEND = YES;
				GCC_C_LANGUAGE_STANDARD = gnu11;
				GCC_NO_COMMON_BLOCKS = YES;
				GCC_WARN_64_TO_32_BIT_CONVERSION = YES;
				GCC_WARN_ABOUT_RETURN_TYPE = YES_ERROR;
				GCC_WARN_UNDECLARED_SELECTOR = YES;
				GCC_WARN_UNINITIALIZED_AUTOS = YES_AGGRESSIVE;
				GCC_WARN_UNUSED_FUNCTION = YES;
				GCC_WARN_UNUSED_VARIABLE = YES;
				IPHONEOS_DEPLOYMENT_TARGET = 15.5;
				MTL_ENABLE_DEBUG_INFO = NO;
				MTL_FAST_MATH = YES;
				SDKROOT = iphoneos;
				SWIFT_COMPILATION_MODE = wholemodule;
				SWIFT_OPTIMIZATION_LEVEL = "-O";
				VALIDATE_PRODUCT = YES;
			};
			name = Release;
		};
		FB51AA8828C7229000C95D7C /* Debug */ = {
			isa = XCBuildConfiguration;
			buildSettings = {
				ASSETCATALOG_COMPILER_APPICON_NAME = AppIcon;
				ASSETCATALOG_COMPILER_GLOBAL_ACCENT_COLOR_NAME = AccentColor;
				CODE_SIGN_STYLE = Automatic;
				CURRENT_PROJECT_VERSION = 1;
				DEVELOPMENT_ASSET_PATHS = "\"SampleForBitrise/Preview Content\"";
				DEVELOPMENT_TEAM = H9RKF2C75T;
				ENABLE_PREVIEWS = YES;
				GENERATE_INFOPLIST_FILE = YES;
				INFOPLIST_KEY_UIApplicationSceneManifest_Generation = YES;
				INFOPLIST_KEY_UIApplicationSupportsIndirectInputEvents = YES;
				INFOPLIST_KEY_UILaunchScreen_Generation = YES;
				INFOPLIST_KEY_UISupportedInterfaceOrientations_iPad = "UIInterfaceOrientationPortrait UIInterfaceOrientationPortraitUpsideDown UIInterfaceOrientationLandscapeLeft UIInterfaceOrientationLandscapeRight";
				INFOPLIST_KEY_UISupportedInterfaceOrientations_iPhone = "UIInterfaceOrientationPortrait UIInterfaceOrientationLandscapeLeft UIInterfaceOrientationLandscapeRight";
				LD_RUNPATH_SEARCH_PATHS = (
					"$(inherited)",
					"@executable_path/Frameworks",
				);
				MARKETING_VERSION = 1.0;
				PRODUCT_BUNDLE_IDENTIFIER = thrive.vipul.SampleForBitrise;
				PRODUCT_NAME = "$(TARGET_NAME)";
				SWIFT_EMIT_LOC_STRINGS = YES;
				SWIFT_VERSION = 5.0;
				TARGETED_DEVICE_FAMILY = "1,2";
			};
			name = Debug;
		};
		FB51AA8928C7229000C95D7C /* Release */ = {
			isa = XCBuildConfiguration;
			buildSettings = {
				ASSETCATALOG_COMPILER_APPICON_NAME = AppIcon;
				ASSETCATALOG_COMPILER_GLOBAL_ACCENT_COLOR_NAME = AccentColor;
				CODE_SIGN_STYLE = Automatic;
				CURRENT_PROJECT_VERSION = 1;
				DEVELOPMENT_ASSET_PATHS = "\"SampleForBitrise/Preview Content\"";
				DEVELOPMENT_TEAM = H9RKF2C75T;
				ENABLE_PREVIEWS = YES;
				GENERATE_INFOPLIST_FILE = YES;
				INFOPLIST_KEY_UIApplicationSceneManifest_Generation = YES;
				INFOPLIST_KEY_UIApplicationSupportsIndirectInputEvents = YES;
				INFOPLIST_KEY_UILaunchScreen_Generation = YES;
				INFOPLIST_KEY_UISupportedInterfaceOrientations_iPad = "UIInterfaceOrientationPortrait UIInterfaceOrientationPortraitUpsideDown UIInterfaceOrientationLandscapeLeft UIInterfaceOrientationLandscapeRight";
				INFOPLIST_KEY_UISupportedInterfaceOrientations_iPhone = "UIInterfaceOrientationPortrait UIInterfaceOrientationLandscapeLeft UIInterfaceOrientationLandscapeRight";
				LD_RUNPATH_SEARCH_PATHS = (
					"$(inherited)",
					"@executable_path/Frameworks",
				);
				MARKETING_VERSION = 1.0;
				PRODUCT_BUNDLE_IDENTIFIER = thrive.vipul.SampleForBitrise;
				PRODUCT_NAME = "$(TARGET_NAME)";
				SWIFT_EMIT_LOC_STRINGS = YES;
				SWIFT_VERSION = 5.0;
				TARGETED_DEVICE_FAMILY = "1,2";
			};
			name = Release;
		};
		FB51AA8B28C7229000C95D7C /* Debug */ = {
			isa = XCBuildConfiguration;
			buildSettings = {
				ALWAYS_EMBED_SWIFT_STANDARD_LIBRARIES = YES;
				BUNDLE_LOADER = "$(TEST_HOST)";
				CODE_SIGN_STYLE = Automatic;
				CURRENT_PROJECT_VERSION = 1;
				DEVELOPMENT_TEAM = H9RKF2C75T;
				GENERATE_INFOPLIST_FILE = YES;
				IPHONEOS_DEPLOYMENT_TARGET = 15.5;
				MARKETING_VERSION = 1.0;
				PRODUCT_BUNDLE_IDENTIFIER = thrive.vipul.SampleForBitriseTests;
				PRODUCT_NAME = "$(TARGET_NAME)";
				SWIFT_EMIT_LOC_STRINGS = NO;
				SWIFT_VERSION = 5.0;
				TARGETED_DEVICE_FAMILY = "1,2";
				TEST_HOST = "$(BUILT_PRODUCTS_DIR)/SampleForBitrise.app/SampleForBitrise";
			};
			name = Debug;
		};
		FB51AA8C28C7229000C95D7C /* Release */ = {
			isa = XCBuildConfiguration;
			buildSettings = {
				ALWAYS_EMBED_SWIFT_STANDARD_LIBRARIES = YES;
				BUNDLE_LOADER = "$(TEST_HOST)";
				CODE_SIGN_STYLE = Automatic;
				CURRENT_PROJECT_VERSION = 1;
				DEVELOPMENT_TEAM = H9RKF2C75T;
				GENERATE_INFOPLIST_FILE = YES;
				IPHONEOS_DEPLOYMENT_TARGET = 15.5;
				MARKETING_VERSION = 1.0;
				PRODUCT_BUNDLE_IDENTIFIER = thrive.vipul.SampleForBitriseTests;
				PRODUCT_NAME = "$(TARGET_NAME)";
				SWIFT_EMIT_LOC_STRINGS = NO;
				SWIFT_VERSION = 5.0;
				TARGETED_DEVICE_FAMILY = "1,2";
				TEST_HOST = "$(BUILT_PRODUCTS_DIR)/SampleForBitrise.app/SampleForBitrise";
			};
			name = Release;
		};
		FB51AA8E28C7229000C95D7C /* Debug */ = {
			isa = XCBuildConfiguration;
			buildSettings = {
				ALWAYS_EMBED_SWIFT_STANDARD_LIBRARIES = YES;
				CODE_SIGN_STYLE = Automatic;
				CURRENT_PROJECT_VERSION = 1;
				DEVELOPMENT_TEAM = H9RKF2C75T;
				GENERATE_INFOPLIST_FILE = YES;
				MARKETING_VERSION = 1.0;
				PRODUCT_BUNDLE_IDENTIFIER = thrive.vipul.SampleForBitriseUITests;
				PRODUCT_NAME = "$(TARGET_NAME)";
				SWIFT_EMIT_LOC_STRINGS = NO;
				SWIFT_VERSION = 5.0;
				TARGETED_DEVICE_FAMILY = "1,2";
				TEST_TARGET_NAME = SampleForBitrise;
			};
			name = Debug;
		};
		FB51AA8F28C7229000C95D7C /* Release */ = {
			isa = XCBuildConfiguration;
			buildSettings = {
				ALWAYS_EMBED_SWIFT_STANDARD_LIBRARIES = YES;
				CODE_SIGN_STYLE = Automatic;
				CURRENT_PROJECT_VERSION = 1;
				DEVELOPMENT_TEAM = H9RKF2C75T;
				GENERATE_INFOPLIST_FILE = YES;
				MARKETING_VERSION = 1.0;
				PRODUCT_BUNDLE_IDENTIFIER = thrive.vipul.SampleForBitriseUITests;
				PRODUCT_NAME = "$(TARGET_NAME)";
				SWIFT_EMIT_LOC_STRINGS = NO;
				SWIFT_VERSION = 5.0;
				TARGETED_DEVICE_FAMILY = "1,2";
				TEST_TARGET_NAME = SampleForBitrise;
			};
			name = Release;
		};
/* End XCBuildConfiguration section */

/* Begin XCConfigurationList section */
		FB51AA5E28C7228F00C95D7C /* Build configuration list for PBXProject "SampleForBitrise" */ = {
			isa = XCConfigurationList;
			buildConfigurations = (
				FB51AA8528C7229000C95D7C /* Debug */,
				FB51AA8628C7229000C95D7C /* Release */,
			);
			defaultConfigurationIsVisible = 0;
			defaultConfigurationName = Release;
		};
		FB51AA8728C7229000C95D7C /* Build configuration list for PBXNativeTarget "SampleForBitrise" */ = {
			isa = XCConfigurationList;
			buildConfigurations = (
				FB51AA8828C7229000C95D7C /* Debug */,
				FB51AA8928C7229000C95D7C /* Release */,
			);
			defaultConfigurationIsVisible = 0;
			defaultConfigurationName = Release;
		};
		FB51AA8A28C7229000C95D7C /* Build configuration list for PBXNativeTarget "SampleForBitriseTests" */ = {
			isa = XCConfigurationList;
			buildConfigurations = (
				FB51AA8B28C7229000C95D7C /* Debug */,
				FB51AA8C28C7229000C95D7C /* Release */,
			);
			defaultConfigurationIsVisible = 0;
			defaultConfigurationName = Release;
		};
		FB51AA8D28C7229000C95D7C /* Build configuration list for PBXNativeTarget "SampleForBitriseUITests" */ = {
			isa = XCConfigurationList;
			buildConfigurations = (
				FB51AA8E28C7229000C95D7C /* Debug */,
				FB51AA8F28C7229000C95D7C /* Release */,
			);
			defaultConfigurationIsVisible = 0;
			defaultConfigurationName = Release;
		};
/* End XCConfigurationList section */
	};
	rootObject = FB51AA5B28C7228F00C95D7C /* Project object */;
}
